
Microsoft Visual Studio Solution File, Format Version 12.00
# Visual Studio 15
VisualStudioVersion = 15.0.28010.2048
MinimumVisualStudioVersion = 10.0.40219.1
Project("{E24C65DC-7377-472B-9ABA-BC803B73C61A}") = "PersonWebService", "PersonWebService\", "{C71A02DF-44BE-422D-9BA5-F3DB5D2898BE}"
	ProjectSection(WebsiteProperties) = preProject
		TargetFrameworkMoniker = ".NETFramework,Version%3Dv4.7.1"
		Debug.AspNetCompiler.VirtualPath = "/localhost_51506"
		Debug.AspNetCompiler.PhysicalPath = "PersonWebService\"
		Debug.AspNetCompiler.TargetPath = "PrecompiledWeb\localhost_51506\"
		Debug.AspNetCompiler.Updateable = "true"
		Debug.AspNetCompiler.ForceOverwrite = "true"
		Debug.AspNetCompiler.FixedNames = "false"
		Debug.AspNetCompiler.Debug = "True"
		Release.AspNetCompiler.VirtualPath = "/localhost_51506"
		Release.AspNetCompiler.PhysicalPath = "PersonWebService\"
		Release.AspNetCompiler.TargetPath = "PrecompiledWeb\localhost_51506\"
		Release.AspNetCompiler.Updateable = "true"
		Release.AspNetCompiler.ForceOverwrite = "true"
		Release.AspNetCompiler.FixedNames = "false"
		Release.AspNetCompiler.Debug = "False"
		VWDPort = "51506"
		SlnRelativePath = "PersonWebService\"
		DefaultWebSiteLanguage = "Visual C#"
	EndProjectSection
EndProject
Project("{FAE04EC0-301F-11D3-BF4B-00C04F79EFBC}") = "PersonClient", "PersonClient\PersonClient.csproj", "{82F0A6F1-DFE2-4256-843F-D6B5E3A7DF31}"
EndProject
Global
	GlobalSection(SolutionConfigurationPlatforms) = preSolution
		Debug|Any CPU = Debug|Any CPU
		Release|Any CPU = Release|Any CPU
	EndGlobalSection
	GlobalSection(ProjectConfigurationPlatforms) = postSolution
		{C71A02DF-44BE-422D-9BA5-F3DB5D2898BE}.Debug|Any CPU.ActiveCfg = Debug|Any CPU
		{C71A02DF-44BE-422D-9BA5-F3DB5D2898BE}.Debug|Any CPU.Build.0 = Debug|Any CPU
		{C71A02DF-44BE-422D-9BA5-F3DB5D2898BE}.Release|Any CPU.ActiveCfg = Debug|Any CPU
		{C71A02DF-44BE-422D-9BA5-F3DB5D2898BE}.Release|Any CPU.Build.0 = Debug|Any CPU
		{82F0A6F1-DFE2-4256-843F-D6B5E3A7DF31}.Debug|Any CPU.ActiveCfg = Debug|Any CPU
		{82F0A6F1-DFE2-4256-843F-D6B5E3A7DF31}.Debug|Any CPU.Build.0 = Debug|Any CPU
		{82F0A6F1-DFE2-4256-843F-D6B5E3A7DF31}.Release|Any CPU.ActiveCfg = Release|Any CPU
		{82F0A6F1-DFE2-4256-843F-D6B5E3A7DF31}.Release|Any CPU.Build.0 = Release|Any CPU
	EndGlobalSection
	GlobalSection(SolutionProperties) = preSolution
		HideSolutionNode = FALSE
	EndGlobalSection
	GlobalSection(ExtensibilityGlobals) = postSolution
		SolutionGuid = {2E981C61-9AC0-41FA-8313-22F09A633629}
	EndGlobalSection
EndGlobal
