
Microsoft Visual Studio Solution File, Format Version 12.00
# Visual Studio 15
VisualStudioVersion = 15.0.28010.2048
MinimumVisualStudioVersion = 10.0.40219.1
Project("{FAE04EC0-301F-11D3-BF4B-00C04F79EFBC}") = "PersonWebServiceWCF", "PersonWebServiceWCF\PersonWebServiceWCF.csproj", "{A9B7D5F4-6FC6-4E1B-8CA6-FEC78005AF3D}"
EndProject
Project("{FAE04EC0-301F-11D3-BF4B-00C04F79EFBC}") = "PersonClient", "PersonClient\PersonClient.csproj", "{82F0A6F1-DFE2-4256-843F-D6B5E3A7DF31}"
EndProject
Global
	GlobalSection(SolutionConfigurationPlatforms) = preSolution
		Debug|Any CPU = Debug|Any CPU
		Release|Any CPU = Release|Any CPU
	EndGlobalSection
	GlobalSection(ProjectConfigurationPlatforms) = postSolution
		{A9B7D5F4-6FC6-4E1B-8CA6-FEC78005AF3D}.Debug|Any CPU.ActiveCfg = Debug|Any CPU
		{A9B7D5F4-6FC6-4E1B-8CA6-FEC78005AF3D}.Debug|Any CPU.Build.0 = Debug|Any CPU
		{A9B7D5F4-6FC6-4E1B-8CA6-FEC78005AF3D}.Release|Any CPU.ActiveCfg = Release|Any CPU
		{A9B7D5F4-6FC6-4E1B-8CA6-FEC78005AF3D}.Release|Any CPU.Build.0 = Release|Any CPU
		{82F0A6F1-DFE2-4256-843F-D6B5E3A7DF31}.Debug|Any CPU.ActiveCfg = Debug|Any CPU
		{82F0A6F1-DFE2-4256-843F-D6B5E3A7DF31}.Debug|Any CPU.Build.0 = Debug|Any CPU
		{82F0A6F1-DFE2-4256-843F-D6B5E3A7DF31}.Release|Any CPU.ActiveCfg = Release|Any CPU
		{82F0A6F1-DFE2-4256-843F-D6B5E3A7DF31}.Release|Any CPU.Build.0 = Release|Any CPU
	EndGlobalSection
	GlobalSection(SolutionProperties) = preSolution
		HideSolutionNode = FALSE
	EndGlobalSection
	GlobalSection(ExtensibilityGlobals) = postSolution
		SolutionGuid = {B201F1E5-3C32-4725-B1A8-5E15F13D2DD7}
	EndGlobalSection
EndGlobal
