
Microsoft Visual Studio Solution File, Format Version 12.00
# Visual Studio 15
VisualStudioVersion = 15.0.28010.2048
MinimumVisualStudioVersion = 10.0.40219.1
Project("{FAE04EC0-301F-11D3-BF4B-00C04F79EFBC}") = "ODATAPersonWebService", "ODATAPersonWebService\ODATAPersonWebService.csproj", "{DC75B606-2B1C-4F75-A9B6-C4F74B9AF970}"
EndProject
Global
	GlobalSection(SolutionConfigurationPlatforms) = preSolution
		Debug|Any CPU = Debug|Any CPU
		Release|Any CPU = Release|Any CPU
	EndGlobalSection
	GlobalSection(ProjectConfigurationPlatforms) = postSolution
		{DC75B606-2B1C-4F75-A9B6-C4F74B9AF970}.Debug|Any CPU.ActiveCfg = Debug|Any CPU
		{DC75B606-2B1C-4F75-A9B6-C4F74B9AF970}.Debug|Any CPU.Build.0 = Debug|Any CPU
		{DC75B606-2B1C-4F75-A9B6-C4F74B9AF970}.Release|Any CPU.ActiveCfg = Release|Any CPU
		{DC75B606-2B1C-4F75-A9B6-C4F74B9AF970}.Release|Any CPU.Build.0 = Release|Any CPU
	EndGlobalSection
	GlobalSection(SolutionProperties) = preSolution
		HideSolutionNode = FALSE
	EndGlobalSection
	GlobalSection(ExtensibilityGlobals) = postSolution
		SolutionGuid = {0D2C4190-3F85-4A1E-83FE-9550C7B1E92B}
	EndGlobalSection
EndGlobal
