
Microsoft Visual Studio Solution File, Format Version 12.00
# Visual Studio 15
VisualStudioVersion = 15.0.27428.2027
MinimumVisualStudioVersion = 10.0.40219.1
Project("{FAE04EC0-301F-11D3-BF4B-00C04F79EFBC}") = "PersonWebServiceClient", "PersonWebServiceClient\PersonWebServiceClient.csproj", "{99F7ECB0-6D65-46C7-BBEB-A395F31B49AA}"
EndProject
Global
	GlobalSection(SolutionConfigurationPlatforms) = preSolution
		Debug|Any CPU = Debug|Any CPU
		Release|Any CPU = Release|Any CPU
	EndGlobalSection
	GlobalSection(ProjectConfigurationPlatforms) = postSolution
		{99F7ECB0-6D65-46C7-BBEB-A395F31B49AA}.Debug|Any CPU.ActiveCfg = Debug|Any CPU
		{99F7ECB0-6D65-46C7-BBEB-A395F31B49AA}.Debug|Any CPU.Build.0 = Debug|Any CPU
		{99F7ECB0-6D65-46C7-BBEB-A395F31B49AA}.Release|Any CPU.ActiveCfg = Release|Any CPU
		{99F7ECB0-6D65-46C7-BBEB-A395F31B49AA}.Release|Any CPU.Build.0 = Release|Any CPU
	EndGlobalSection
	GlobalSection(SolutionProperties) = preSolution
		HideSolutionNode = FALSE
	EndGlobalSection
	GlobalSection(ExtensibilityGlobals) = postSolution
		SolutionGuid = {1888449C-FCBF-4C1B-AD35-AFA2DE09F70A}
	EndGlobalSection
EndGlobal
